
Microsoft Visual Studio Solution File, Format Version 12.00
# Visual Studio 14
VisualStudioVersion = 14.0.24720.0
MinimumVisualStudioVersion = 10.0.40219.1
Project("{2150E333-8FDC-42A3-9474-1A3956D46DE8}") = "Mobile", "Mobile", "{A49877DE-58E4-4B96-975F-7B6AC25E9BAC}"
EndProject
Project("{FAE04EC0-301F-11D3-BF4B-00C04F79EFBC}") = "MobileWCF.Contracts", "src\MobileWCF.Contracts\MobileWCF.Contracts.csproj", "{0159743F-B3C8-4365-922C-8C8418630184}"
EndProject
Project("{FAE04EC0-301F-11D3-BF4B-00C04F79EFBC}") = "MobileWCF.ServerHost", "src\MobileWCF.ServerHost\MobileWCF.ServerHost.csproj", "{F52076B7-8C95-4D11-92DE-AB1FCA148A01}"
EndProject
Project("{FAE04EC0-301F-11D3-BF4B-00C04F79EFBC}") = "MobileWCF.Mobile", "src\MobileWCF.Mobile\MobileWCF.Mobile\MobileWCF.Mobile.csproj", "{8CAD649D-0D0C-4127-A43E-DD4147F25B5C}"
EndProject
Project("{FAE04EC0-301F-11D3-BF4B-00C04F79EFBC}") = "MobileWCF.Mobile.Droid", "src\MobileWCF.Mobile\MobileWCF.Mobile.Droid\MobileWCF.Mobile.Droid.csproj", "{BB9B2088-50D9-4CE4-88F8-1B7DE0F8C8DD}"
EndProject
Project("{FAE04EC0-301F-11D3-BF4B-00C04F79EFBC}") = "MobileWCF.Mobile.iOS", "src\MobileWCF.Mobile\MobileWCF.Mobile.iOS\MobileWCF.Mobile.iOS.csproj", "{823B756A-208C-4142-BAC0-4FCB6B278773}"
EndProject
Project("{FAE04EC0-301F-11D3-BF4B-00C04F79EFBC}") = "MobileWCF.Mobile.WinPhone", "src\MobileWCF.Mobile\MobileWCF.Mobile.WinPhone\MobileWCF.Mobile.WinPhone.csproj", "{E2250F61-856E-48A2-8A18-DD86822C536B}"
EndProject
Project("{2150E333-8FDC-42A3-9474-1A3956D46DE8}") = "Clients", "Clients", "{030142F2-DCAE-49EC-9790-02BBAF539430}"
EndProject
Global
	GlobalSection(SolutionConfigurationPlatforms) = preSolution
		Ad-Hoc|Any CPU = Ad-Hoc|Any CPU
		Ad-Hoc|ARM = Ad-Hoc|ARM
		Ad-Hoc|iPhone = Ad-Hoc|iPhone
		Ad-Hoc|iPhoneSimulator = Ad-Hoc|iPhoneSimulator
		Ad-Hoc|x86 = Ad-Hoc|x86
		AppStore|Any CPU = AppStore|Any CPU
		AppStore|ARM = AppStore|ARM
		AppStore|iPhone = AppStore|iPhone
		AppStore|iPhoneSimulator = AppStore|iPhoneSimulator
		AppStore|x86 = AppStore|x86
		Debug|Any CPU = Debug|Any CPU
		Debug|ARM = Debug|ARM
		Debug|iPhone = Debug|iPhone
		Debug|iPhoneSimulator = Debug|iPhoneSimulator
		Debug|x86 = Debug|x86
		Release|Any CPU = Release|Any CPU
		Release|ARM = Release|ARM
		Release|iPhone = Release|iPhone
		Release|iPhoneSimulator = Release|iPhoneSimulator
		Release|x86 = Release|x86
	EndGlobalSection
	GlobalSection(ProjectConfigurationPlatforms) = postSolution
		{0159743F-B3C8-4365-922C-8C8418630184}.Ad-Hoc|Any CPU.ActiveCfg = Release|Any CPU
		{0159743F-B3C8-4365-922C-8C8418630184}.Ad-Hoc|Any CPU.Build.0 = Release|Any CPU
		{0159743F-B3C8-4365-922C-8C8418630184}.Ad-Hoc|ARM.ActiveCfg = Release|Any CPU
		{0159743F-B3C8-4365-922C-8C8418630184}.Ad-Hoc|ARM.Build.0 = Release|Any CPU
		{0159743F-B3C8-4365-922C-8C8418630184}.Ad-Hoc|iPhone.ActiveCfg = Release|Any CPU
		{0159743F-B3C8-4365-922C-8C8418630184}.Ad-Hoc|iPhone.Build.0 = Release|Any CPU
		{0159743F-B3C8-4365-922C-8C8418630184}.Ad-Hoc|iPhoneSimulator.ActiveCfg = Release|Any CPU
		{0159743F-B3C8-4365-922C-8C8418630184}.Ad-Hoc|iPhoneSimulator.Build.0 = Release|Any CPU
		{0159743F-B3C8-4365-922C-8C8418630184}.Ad-Hoc|x86.ActiveCfg = Release|Any CPU
		{0159743F-B3C8-4365-922C-8C8418630184}.Ad-Hoc|x86.Build.0 = Release|Any CPU
		{0159743F-B3C8-4365-922C-8C8418630184}.AppStore|Any CPU.ActiveCfg = Release|Any CPU
		{0159743F-B3C8-4365-922C-8C8418630184}.AppStore|Any CPU.Build.0 = Release|Any CPU
		{0159743F-B3C8-4365-922C-8C8418630184}.AppStore|ARM.ActiveCfg = Release|Any CPU
		{0159743F-B3C8-4365-922C-8C8418630184}.AppStore|ARM.Build.0 = Release|Any CPU
		{0159743F-B3C8-4365-922C-8C8418630184}.AppStore|iPhone.ActiveCfg = Release|Any CPU
		{0159743F-B3C8-4365-922C-8C8418630184}.AppStore|iPhone.Build.0 = Release|Any CPU
		{0159743F-B3C8-4365-922C-8C8418630184}.AppStore|iPhoneSimulator.ActiveCfg = Release|Any CPU
		{0159743F-B3C8-4365-922C-8C8418630184}.AppStore|iPhoneSimulator.Build.0 = Release|Any CPU
		{0159743F-B3C8-4365-922C-8C8418630184}.AppStore|x86.ActiveCfg = Release|Any CPU
		{0159743F-B3C8-4365-922C-8C8418630184}.AppStore|x86.Build.0 = Release|Any CPU
		{0159743F-B3C8-4365-922C-8C8418630184}.Debug|Any CPU.ActiveCfg = Debug|Any CPU
		{0159743F-B3C8-4365-922C-8C8418630184}.Debug|Any CPU.Build.0 = Debug|Any CPU
		{0159743F-B3C8-4365-922C-8C8418630184}.Debug|ARM.ActiveCfg = Debug|Any CPU
		{0159743F-B3C8-4365-922C-8C8418630184}.Debug|ARM.Build.0 = Debug|Any CPU
		{0159743F-B3C8-4365-922C-8C8418630184}.Debug|iPhone.ActiveCfg = Debug|Any CPU
		{0159743F-B3C8-4365-922C-8C8418630184}.Debug|iPhone.Build.0 = Debug|Any CPU
		{0159743F-B3C8-4365-922C-8C8418630184}.Debug|iPhoneSimulator.ActiveCfg = Debug|Any CPU
		{0159743F-B3C8-4365-922C-8C8418630184}.Debug|iPhoneSimulator.Build.0 = Debug|Any CPU
		{0159743F-B3C8-4365-922C-8C8418630184}.Debug|x86.ActiveCfg = Debug|Any CPU
		{0159743F-B3C8-4365-922C-8C8418630184}.Debug|x86.Build.0 = Debug|Any CPU
		{0159743F-B3C8-4365-922C-8C8418630184}.Release|Any CPU.ActiveCfg = Release|Any CPU
		{0159743F-B3C8-4365-922C-8C8418630184}.Release|Any CPU.Build.0 = Release|Any CPU
		{0159743F-B3C8-4365-922C-8C8418630184}.Release|ARM.ActiveCfg = Release|Any CPU
		{0159743F-B3C8-4365-922C-8C8418630184}.Release|ARM.Build.0 = Release|Any CPU
		{0159743F-B3C8-4365-922C-8C8418630184}.Release|iPhone.ActiveCfg = Release|Any CPU
		{0159743F-B3C8-4365-922C-8C8418630184}.Release|iPhone.Build.0 = Release|Any CPU
		{0159743F-B3C8-4365-922C-8C8418630184}.Release|iPhoneSimulator.ActiveCfg = Release|Any CPU
		{0159743F-B3C8-4365-922C-8C8418630184}.Release|iPhoneSimulator.Build.0 = Release|Any CPU
		{0159743F-B3C8-4365-922C-8C8418630184}.Release|x86.ActiveCfg = Release|Any CPU
		{0159743F-B3C8-4365-922C-8C8418630184}.Release|x86.Build.0 = Release|Any CPU
		{F52076B7-8C95-4D11-92DE-AB1FCA148A01}.Ad-Hoc|Any CPU.ActiveCfg = Release|Any CPU
		{F52076B7-8C95-4D11-92DE-AB1FCA148A01}.Ad-Hoc|Any CPU.Build.0 = Release|Any CPU
		{F52076B7-8C95-4D11-92DE-AB1FCA148A01}.Ad-Hoc|ARM.ActiveCfg = Release|Any CPU
		{F52076B7-8C95-4D11-92DE-AB1FCA148A01}.Ad-Hoc|ARM.Build.0 = Release|Any CPU
		{F52076B7-8C95-4D11-92DE-AB1FCA148A01}.Ad-Hoc|iPhone.ActiveCfg = Release|Any CPU
		{F52076B7-8C95-4D11-92DE-AB1FCA148A01}.Ad-Hoc|iPhone.Build.0 = Release|Any CPU
		{F52076B7-8C95-4D11-92DE-AB1FCA148A01}.Ad-Hoc|iPhoneSimulator.ActiveCfg = Release|Any CPU
		{F52076B7-8C95-4D11-92DE-AB1FCA148A01}.Ad-Hoc|iPhoneSimulator.Build.0 = Release|Any CPU
		{F52076B7-8C95-4D11-92DE-AB1FCA148A01}.Ad-Hoc|x86.ActiveCfg = Release|Any CPU
		{F52076B7-8C95-4D11-92DE-AB1FCA148A01}.Ad-Hoc|x86.Build.0 = Release|Any CPU
		{F52076B7-8C95-4D11-92DE-AB1FCA148A01}.AppStore|Any CPU.ActiveCfg = Release|Any CPU
		{F52076B7-8C95-4D11-92DE-AB1FCA148A01}.AppStore|Any CPU.Build.0 = Release|Any CPU
		{F52076B7-8C95-4D11-92DE-AB1FCA148A01}.AppStore|ARM.ActiveCfg = Release|Any CPU
		{F52076B7-8C95-4D11-92DE-AB1FCA148A01}.AppStore|ARM.Build.0 = Release|Any CPU
		{F52076B7-8C95-4D11-92DE-AB1FCA148A01}.AppStore|iPhone.ActiveCfg = Release|Any CPU
		{F52076B7-8C95-4D11-92DE-AB1FCA148A01}.AppStore|iPhone.Build.0 = Release|Any CPU
		{F52076B7-8C95-4D11-92DE-AB1FCA148A01}.AppStore|iPhoneSimulator.ActiveCfg = Release|Any CPU
		{F52076B7-8C95-4D11-92DE-AB1FCA148A01}.AppStore|iPhoneSimulator.Build.0 = Release|Any CPU
		{F52076B7-8C95-4D11-92DE-AB1FCA148A01}.AppStore|x86.ActiveCfg = Release|Any CPU
		{F52076B7-8C95-4D11-92DE-AB1FCA148A01}.AppStore|x86.Build.0 = Release|Any CPU
		{F52076B7-8C95-4D11-92DE-AB1FCA148A01}.Debug|Any CPU.ActiveCfg = Debug|Any CPU
		{F52076B7-8C95-4D11-92DE-AB1FCA148A01}.Debug|Any CPU.Build.0 = Debug|Any CPU
		{F52076B7-8C95-4D11-92DE-AB1FCA148A01}.Debug|ARM.ActiveCfg = Debug|Any CPU
		{F52076B7-8C95-4D11-92DE-AB1FCA148A01}.Debug|ARM.Build.0 = Debug|Any CPU
		{F52076B7-8C95-4D11-92DE-AB1FCA148A01}.Debug|iPhone.ActiveCfg = Debug|Any CPU
		{F52076B7-8C95-4D11-92DE-AB1FCA148A01}.Debug|iPhone.Build.0 = Debug|Any CPU
		{F52076B7-8C95-4D11-92DE-AB1FCA148A01}.Debug|iPhoneSimulator.ActiveCfg = Debug|Any CPU
		{F52076B7-8C95-4D11-92DE-AB1FCA148A01}.Debug|iPhoneSimulator.Build.0 = Debug|Any CPU
		{F52076B7-8C95-4D11-92DE-AB1FCA148A01}.Debug|x86.ActiveCfg = Debug|Any CPU
		{F52076B7-8C95-4D11-92DE-AB1FCA148A01}.Debug|x86.Build.0 = Debug|Any CPU
		{F52076B7-8C95-4D11-92DE-AB1FCA148A01}.Release|Any CPU.ActiveCfg = Release|Any CPU
		{F52076B7-8C95-4D11-92DE-AB1FCA148A01}.Release|Any CPU.Build.0 = Release|Any CPU
		{F52076B7-8C95-4D11-92DE-AB1FCA148A01}.Release|ARM.ActiveCfg = Release|Any CPU
		{F52076B7-8C95-4D11-92DE-AB1FCA148A01}.Release|ARM.Build.0 = Release|Any CPU
		{F52076B7-8C95-4D11-92DE-AB1FCA148A01}.Release|iPhone.ActiveCfg = Release|Any CPU
		{F52076B7-8C95-4D11-92DE-AB1FCA148A01}.Release|iPhone.Build.0 = Release|Any CPU
		{F52076B7-8C95-4D11-92DE-AB1FCA148A01}.Release|iPhoneSimulator.ActiveCfg = Release|Any CPU
		{F52076B7-8C95-4D11-92DE-AB1FCA148A01}.Release|iPhoneSimulator.Build.0 = Release|Any CPU
		{F52076B7-8C95-4D11-92DE-AB1FCA148A01}.Release|x86.ActiveCfg = Release|Any CPU
		{F52076B7-8C95-4D11-92DE-AB1FCA148A01}.Release|x86.Build.0 = Release|Any CPU
		{8CAD649D-0D0C-4127-A43E-DD4147F25B5C}.Ad-Hoc|Any CPU.ActiveCfg = Release|Any CPU
		{8CAD649D-0D0C-4127-A43E-DD4147F25B5C}.Ad-Hoc|Any CPU.Build.0 = Release|Any CPU
		{8CAD649D-0D0C-4127-A43E-DD4147F25B5C}.Ad-Hoc|ARM.ActiveCfg = Release|Any CPU
		{8CAD649D-0D0C-4127-A43E-DD4147F25B5C}.Ad-Hoc|ARM.Build.0 = Release|Any CPU
		{8CAD649D-0D0C-4127-A43E-DD4147F25B5C}.Ad-Hoc|iPhone.ActiveCfg = Release|Any CPU
		{8CAD649D-0D0C-4127-A43E-DD4147F25B5C}.Ad-Hoc|iPhone.Build.0 = Release|Any CPU
		{8CAD649D-0D0C-4127-A43E-DD4147F25B5C}.Ad-Hoc|iPhoneSimulator.ActiveCfg = Release|Any CPU
		{8CAD649D-0D0C-4127-A43E-DD4147F25B5C}.Ad-Hoc|iPhoneSimulator.Build.0 = Release|Any CPU
		{8CAD649D-0D0C-4127-A43E-DD4147F25B5C}.Ad-Hoc|x86.ActiveCfg = Release|Any CPU
		{8CAD649D-0D0C-4127-A43E-DD4147F25B5C}.Ad-Hoc|x86.Build.0 = Release|Any CPU
		{8CAD649D-0D0C-4127-A43E-DD4147F25B5C}.AppStore|Any CPU.ActiveCfg = Release|Any CPU
		{8CAD649D-0D0C-4127-A43E-DD4147F25B5C}.AppStore|Any CPU.Build.0 = Release|Any CPU
		{8CAD649D-0D0C-4127-A43E-DD4147F25B5C}.AppStore|ARM.ActiveCfg = Release|Any CPU
		{8CAD649D-0D0C-4127-A43E-DD4147F25B5C}.AppStore|ARM.Build.0 = Release|Any CPU
		{8CAD649D-0D0C-4127-A43E-DD4147F25B5C}.AppStore|iPhone.ActiveCfg = Release|Any CPU
		{8CAD649D-0D0C-4127-A43E-DD4147F25B5C}.AppStore|iPhone.Build.0 = Release|Any CPU
		{8CAD649D-0D0C-4127-A43E-DD4147F25B5C}.AppStore|iPhoneSimulator.ActiveCfg = Release|Any CPU
		{8CAD649D-0D0C-4127-A43E-DD4147F25B5C}.AppStore|iPhoneSimulator.Build.0 = Release|Any CPU
		{8CAD649D-0D0C-4127-A43E-DD4147F25B5C}.AppStore|x86.ActiveCfg = Release|Any CPU
		{8CAD649D-0D0C-4127-A43E-DD4147F25B5C}.AppStore|x86.Build.0 = Release|Any CPU
		{8CAD649D-0D0C-4127-A43E-DD4147F25B5C}.Debug|Any CPU.ActiveCfg = Debug|Any CPU
		{8CAD649D-0D0C-4127-A43E-DD4147F25B5C}.Debug|Any CPU.Build.0 = Debug|Any CPU
		{8CAD649D-0D0C-4127-A43E-DD4147F25B5C}.Debug|ARM.ActiveCfg = Debug|Any CPU
		{8CAD649D-0D0C-4127-A43E-DD4147F25B5C}.Debug|ARM.Build.0 = Debug|Any CPU
		{8CAD649D-0D0C-4127-A43E-DD4147F25B5C}.Debug|iPhone.ActiveCfg = Debug|Any CPU
		{8CAD649D-0D0C-4127-A43E-DD4147F25B5C}.Debug|iPhone.Build.0 = Debug|Any CPU
		{8CAD649D-0D0C-4127-A43E-DD4147F25B5C}.Debug|iPhoneSimulator.ActiveCfg = Debug|Any CPU
		{8CAD649D-0D0C-4127-A43E-DD4147F25B5C}.Debug|iPhoneSimulator.Build.0 = Debug|Any CPU
		{8CAD649D-0D0C-4127-A43E-DD4147F25B5C}.Debug|x86.ActiveCfg = Debug|Any CPU
		{8CAD649D-0D0C-4127-A43E-DD4147F25B5C}.Debug|x86.Build.0 = Debug|Any CPU
		{8CAD649D-0D0C-4127-A43E-DD4147F25B5C}.Release|Any CPU.ActiveCfg = Release|Any CPU
		{8CAD649D-0D0C-4127-A43E-DD4147F25B5C}.Release|Any CPU.Build.0 = Release|Any CPU
		{8CAD649D-0D0C-4127-A43E-DD4147F25B5C}.Release|ARM.ActiveCfg = Release|Any CPU
		{8CAD649D-0D0C-4127-A43E-DD4147F25B5C}.Release|ARM.Build.0 = Release|Any CPU
		{8CAD649D-0D0C-4127-A43E-DD4147F25B5C}.Release|iPhone.ActiveCfg = Release|Any CPU
		{8CAD649D-0D0C-4127-A43E-DD4147F25B5C}.Release|iPhone.Build.0 = Release|Any CPU
		{8CAD649D-0D0C-4127-A43E-DD4147F25B5C}.Release|iPhoneSimulator.ActiveCfg = Release|Any CPU
		{8CAD649D-0D0C-4127-A43E-DD4147F25B5C}.Release|iPhoneSimulator.Build.0 = Release|Any CPU
		{8CAD649D-0D0C-4127-A43E-DD4147F25B5C}.Release|x86.ActiveCfg = Release|Any CPU
		{8CAD649D-0D0C-4127-A43E-DD4147F25B5C}.Release|x86.Build.0 = Release|Any CPU
		{BB9B2088-50D9-4CE4-88F8-1B7DE0F8C8DD}.Ad-Hoc|Any CPU.ActiveCfg = Release|Any CPU
		{BB9B2088-50D9-4CE4-88F8-1B7DE0F8C8DD}.Ad-Hoc|Any CPU.Build.0 = Release|Any CPU
		{BB9B2088-50D9-4CE4-88F8-1B7DE0F8C8DD}.Ad-Hoc|Any CPU.Deploy.0 = Release|Any CPU
		{BB9B2088-50D9-4CE4-88F8-1B7DE0F8C8DD}.Ad-Hoc|ARM.ActiveCfg = Release|Any CPU
		{BB9B2088-50D9-4CE4-88F8-1B7DE0F8C8DD}.Ad-Hoc|ARM.Build.0 = Release|Any CPU
		{BB9B2088-50D9-4CE4-88F8-1B7DE0F8C8DD}.Ad-Hoc|ARM.Deploy.0 = Release|Any CPU
		{BB9B2088-50D9-4CE4-88F8-1B7DE0F8C8DD}.Ad-Hoc|iPhone.ActiveCfg = Release|Any CPU
		{BB9B2088-50D9-4CE4-88F8-1B7DE0F8C8DD}.Ad-Hoc|iPhone.Build.0 = Release|Any CPU
		{BB9B2088-50D9-4CE4-88F8-1B7DE0F8C8DD}.Ad-Hoc|iPhone.Deploy.0 = Release|Any CPU
		{BB9B2088-50D9-4CE4-88F8-1B7DE0F8C8DD}.Ad-Hoc|iPhoneSimulator.ActiveCfg = Release|Any CPU
		{BB9B2088-50D9-4CE4-88F8-1B7DE0F8C8DD}.Ad-Hoc|iPhoneSimulator.Build.0 = Release|Any CPU
		{BB9B2088-50D9-4CE4-88F8-1B7DE0F8C8DD}.Ad-Hoc|iPhoneSimulator.Deploy.0 = Release|Any CPU
		{BB9B2088-50D9-4CE4-88F8-1B7DE0F8C8DD}.Ad-Hoc|x86.ActiveCfg = Release|Any CPU
		{BB9B2088-50D9-4CE4-88F8-1B7DE0F8C8DD}.Ad-Hoc|x86.Build.0 = Release|Any CPU
		{BB9B2088-50D9-4CE4-88F8-1B7DE0F8C8DD}.Ad-Hoc|x86.Deploy.0 = Release|Any CPU
		{BB9B2088-50D9-4CE4-88F8-1B7DE0F8C8DD}.AppStore|Any CPU.ActiveCfg = Release|Any CPU
		{BB9B2088-50D9-4CE4-88F8-1B7DE0F8C8DD}.AppStore|Any CPU.Build.0 = Release|Any CPU
		{BB9B2088-50D9-4CE4-88F8-1B7DE0F8C8DD}.AppStore|Any CPU.Deploy.0 = Release|Any CPU
		{BB9B2088-50D9-4CE4-88F8-1B7DE0F8C8DD}.AppStore|ARM.ActiveCfg = Release|Any CPU
		{BB9B2088-50D9-4CE4-88F8-1B7DE0F8C8DD}.AppStore|ARM.Build.0 = Release|Any CPU
		{BB9B2088-50D9-4CE4-88F8-1B7DE0F8C8DD}.AppStore|ARM.Deploy.0 = Release|Any CPU
		{BB9B2088-50D9-4CE4-88F8-1B7DE0F8C8DD}.AppStore|iPhone.ActiveCfg = Release|Any CPU
		{BB9B2088-50D9-4CE4-88F8-1B7DE0F8C8DD}.AppStore|iPhone.Build.0 = Release|Any CPU
		{BB9B2088-50D9-4CE4-88F8-1B7DE0F8C8DD}.AppStore|iPhone.Deploy.0 = Release|Any CPU
		{BB9B2088-50D9-4CE4-88F8-1B7DE0F8C8DD}.AppStore|iPhoneSimulator.ActiveCfg = Release|Any CPU
		{BB9B2088-50D9-4CE4-88F8-1B7DE0F8C8DD}.AppStore|iPhoneSimulator.Build.0 = Release|Any CPU
		{BB9B2088-50D9-4CE4-88F8-1B7DE0F8C8DD}.AppStore|iPhoneSimulator.Deploy.0 = Release|Any CPU
		{BB9B2088-50D9-4CE4-88F8-1B7DE0F8C8DD}.AppStore|x86.ActiveCfg = Release|Any CPU
		{BB9B2088-50D9-4CE4-88F8-1B7DE0F8C8DD}.AppStore|x86.Build.0 = Release|Any CPU
		{BB9B2088-50D9-4CE4-88F8-1B7DE0F8C8DD}.AppStore|x86.Deploy.0 = Release|Any CPU
		{BB9B2088-50D9-4CE4-88F8-1B7DE0F8C8DD}.Debug|Any CPU.ActiveCfg = Debug|Any CPU
		{BB9B2088-50D9-4CE4-88F8-1B7DE0F8C8DD}.Debug|Any CPU.Build.0 = Debug|Any CPU
		{BB9B2088-50D9-4CE4-88F8-1B7DE0F8C8DD}.Debug|Any CPU.Deploy.0 = Debug|Any CPU
		{BB9B2088-50D9-4CE4-88F8-1B7DE0F8C8DD}.Debug|ARM.ActiveCfg = Debug|Any CPU
		{BB9B2088-50D9-4CE4-88F8-1B7DE0F8C8DD}.Debug|ARM.Build.0 = Debug|Any CPU
		{BB9B2088-50D9-4CE4-88F8-1B7DE0F8C8DD}.Debug|ARM.Deploy.0 = Debug|Any CPU
		{BB9B2088-50D9-4CE4-88F8-1B7DE0F8C8DD}.Debug|iPhone.ActiveCfg = Debug|Any CPU
		{BB9B2088-50D9-4CE4-88F8-1B7DE0F8C8DD}.Debug|iPhone.Build.0 = Debug|Any CPU
		{BB9B2088-50D9-4CE4-88F8-1B7DE0F8C8DD}.Debug|iPhone.Deploy.0 = Debug|Any CPU
		{BB9B2088-50D9-4CE4-88F8-1B7DE0F8C8DD}.Debug|iPhoneSimulator.ActiveCfg = Debug|Any CPU
		{BB9B2088-50D9-4CE4-88F8-1B7DE0F8C8DD}.Debug|iPhoneSimulator.Build.0 = Debug|Any CPU
		{BB9B2088-50D9-4CE4-88F8-1B7DE0F8C8DD}.Debug|iPhoneSimulator.Deploy.0 = Debug|Any CPU
		{BB9B2088-50D9-4CE4-88F8-1B7DE0F8C8DD}.Debug|x86.ActiveCfg = Debug|Any CPU
		{BB9B2088-50D9-4CE4-88F8-1B7DE0F8C8DD}.Debug|x86.Build.0 = Debug|Any CPU
		{BB9B2088-50D9-4CE4-88F8-1B7DE0F8C8DD}.Debug|x86.Deploy.0 = Debug|Any CPU
		{BB9B2088-50D9-4CE4-88F8-1B7DE0F8C8DD}.Release|Any CPU.ActiveCfg = Release|Any CPU
		{BB9B2088-50D9-4CE4-88F8-1B7DE0F8C8DD}.Release|Any CPU.Build.0 = Release|Any CPU
		{BB9B2088-50D9-4CE4-88F8-1B7DE0F8C8DD}.Release|Any CPU.Deploy.0 = Release|Any CPU
		{BB9B2088-50D9-4CE4-88F8-1B7DE0F8C8DD}.Release|ARM.ActiveCfg = Release|Any CPU
		{BB9B2088-50D9-4CE4-88F8-1B7DE0F8C8DD}.Release|ARM.Build.0 = Release|Any CPU
		{BB9B2088-50D9-4CE4-88F8-1B7DE0F8C8DD}.Release|ARM.Deploy.0 = Release|Any CPU
		{BB9B2088-50D9-4CE4-88F8-1B7DE0F8C8DD}.Release|iPhone.ActiveCfg = Release|Any CPU
		{BB9B2088-50D9-4CE4-88F8-1B7DE0F8C8DD}.Release|iPhone.Build.0 = Release|Any CPU
		{BB9B2088-50D9-4CE4-88F8-1B7DE0F8C8DD}.Release|iPhone.Deploy.0 = Release|Any CPU
		{BB9B2088-50D9-4CE4-88F8-1B7DE0F8C8DD}.Release|iPhoneSimulator.ActiveCfg = Release|Any CPU
		{BB9B2088-50D9-4CE4-88F8-1B7DE0F8C8DD}.Release|iPhoneSimulator.Build.0 = Release|Any CPU
		{BB9B2088-50D9-4CE4-88F8-1B7DE0F8C8DD}.Release|iPhoneSimulator.Deploy.0 = Release|Any CPU
		{BB9B2088-50D9-4CE4-88F8-1B7DE0F8C8DD}.Release|x86.ActiveCfg = Release|Any CPU
		{BB9B2088-50D9-4CE4-88F8-1B7DE0F8C8DD}.Release|x86.Build.0 = Release|Any CPU
		{BB9B2088-50D9-4CE4-88F8-1B7DE0F8C8DD}.Release|x86.Deploy.0 = Release|Any CPU
		{823B756A-208C-4142-BAC0-4FCB6B278773}.Ad-Hoc|Any CPU.ActiveCfg = Ad-Hoc|iPhone
		{823B756A-208C-4142-BAC0-4FCB6B278773}.Ad-Hoc|ARM.ActiveCfg = Ad-Hoc|iPhone
		{823B756A-208C-4142-BAC0-4FCB6B278773}.Ad-Hoc|iPhone.ActiveCfg = Ad-Hoc|iPhone
		{823B756A-208C-4142-BAC0-4FCB6B278773}.Ad-Hoc|iPhone.Build.0 = Ad-Hoc|iPhone
		{823B756A-208C-4142-BAC0-4FCB6B278773}.Ad-Hoc|iPhoneSimulator.ActiveCfg = Ad-Hoc|iPhoneSimulator
		{823B756A-208C-4142-BAC0-4FCB6B278773}.Ad-Hoc|iPhoneSimulator.Build.0 = Ad-Hoc|iPhoneSimulator
		{823B756A-208C-4142-BAC0-4FCB6B278773}.Ad-Hoc|x86.ActiveCfg = Ad-Hoc|iPhone
		{823B756A-208C-4142-BAC0-4FCB6B278773}.AppStore|Any CPU.ActiveCfg = AppStore|iPhone
		{823B756A-208C-4142-BAC0-4FCB6B278773}.AppStore|ARM.ActiveCfg = AppStore|iPhone
		{823B756A-208C-4142-BAC0-4FCB6B278773}.AppStore|iPhone.ActiveCfg = AppStore|iPhone
		{823B756A-208C-4142-BAC0-4FCB6B278773}.AppStore|iPhone.Build.0 = AppStore|iPhone
		{823B756A-208C-4142-BAC0-4FCB6B278773}.AppStore|iPhoneSimulator.ActiveCfg = AppStore|iPhoneSimulator
		{823B756A-208C-4142-BAC0-4FCB6B278773}.AppStore|iPhoneSimulator.Build.0 = AppStore|iPhoneSimulator
		{823B756A-208C-4142-BAC0-4FCB6B278773}.AppStore|x86.ActiveCfg = AppStore|iPhone
		{823B756A-208C-4142-BAC0-4FCB6B278773}.Debug|Any CPU.ActiveCfg = Debug|iPhone
		{823B756A-208C-4142-BAC0-4FCB6B278773}.Debug|ARM.ActiveCfg = Debug|iPhone
		{823B756A-208C-4142-BAC0-4FCB6B278773}.Debug|iPhone.ActiveCfg = Debug|iPhone
		{823B756A-208C-4142-BAC0-4FCB6B278773}.Debug|iPhone.Build.0 = Debug|iPhone
		{823B756A-208C-4142-BAC0-4FCB6B278773}.Debug|iPhoneSimulator.ActiveCfg = Debug|iPhoneSimulator
		{823B756A-208C-4142-BAC0-4FCB6B278773}.Debug|iPhoneSimulator.Build.0 = Debug|iPhoneSimulator
		{823B756A-208C-4142-BAC0-4FCB6B278773}.Debug|x86.ActiveCfg = Debug|iPhone
		{823B756A-208C-4142-BAC0-4FCB6B278773}.Release|Any CPU.ActiveCfg = Release|iPhone
		{823B756A-208C-4142-BAC0-4FCB6B278773}.Release|ARM.ActiveCfg = Release|iPhone
		{823B756A-208C-4142-BAC0-4FCB6B278773}.Release|iPhone.ActiveCfg = Release|iPhone
		{823B756A-208C-4142-BAC0-4FCB6B278773}.Release|iPhone.Build.0 = Release|iPhone
		{823B756A-208C-4142-BAC0-4FCB6B278773}.Release|iPhoneSimulator.ActiveCfg = Release|iPhoneSimulator
		{823B756A-208C-4142-BAC0-4FCB6B278773}.Release|iPhoneSimulator.Build.0 = Release|iPhoneSimulator
		{823B756A-208C-4142-BAC0-4FCB6B278773}.Release|x86.ActiveCfg = Release|iPhone
		{E2250F61-856E-48A2-8A18-DD86822C536B}.Ad-Hoc|Any CPU.ActiveCfg = Release|Any CPU
		{E2250F61-856E-48A2-8A18-DD86822C536B}.Ad-Hoc|Any CPU.Build.0 = Release|Any CPU
		{E2250F61-856E-48A2-8A18-DD86822C536B}.Ad-Hoc|Any CPU.Deploy.0 = Release|Any CPU
		{E2250F61-856E-48A2-8A18-DD86822C536B}.Ad-Hoc|ARM.ActiveCfg = Release|ARM
		{E2250F61-856E-48A2-8A18-DD86822C536B}.Ad-Hoc|ARM.Build.0 = Release|ARM
		{E2250F61-856E-48A2-8A18-DD86822C536B}.Ad-Hoc|ARM.Deploy.0 = Release|ARM
		{E2250F61-856E-48A2-8A18-DD86822C536B}.Ad-Hoc|iPhone.ActiveCfg = Release|Any CPU
		{E2250F61-856E-48A2-8A18-DD86822C536B}.Ad-Hoc|iPhone.Build.0 = Release|Any CPU
		{E2250F61-856E-48A2-8A18-DD86822C536B}.Ad-Hoc|iPhone.Deploy.0 = Release|Any CPU
		{E2250F61-856E-48A2-8A18-DD86822C536B}.Ad-Hoc|iPhoneSimulator.ActiveCfg = Release|Any CPU
		{E2250F61-856E-48A2-8A18-DD86822C536B}.Ad-Hoc|iPhoneSimulator.Build.0 = Release|Any CPU
		{E2250F61-856E-48A2-8A18-DD86822C536B}.Ad-Hoc|iPhoneSimulator.Deploy.0 = Release|Any CPU
		{E2250F61-856E-48A2-8A18-DD86822C536B}.Ad-Hoc|x86.ActiveCfg = Release|x86
		{E2250F61-856E-48A2-8A18-DD86822C536B}.Ad-Hoc|x86.Build.0 = Release|x86
		{E2250F61-856E-48A2-8A18-DD86822C536B}.Ad-Hoc|x86.Deploy.0 = Release|x86
		{E2250F61-856E-48A2-8A18-DD86822C536B}.AppStore|Any CPU.ActiveCfg = Release|Any CPU
		{E2250F61-856E-48A2-8A18-DD86822C536B}.AppStore|Any CPU.Build.0 = Release|Any CPU
		{E2250F61-856E-48A2-8A18-DD86822C536B}.AppStore|Any CPU.Deploy.0 = Release|Any CPU
		{E2250F61-856E-48A2-8A18-DD86822C536B}.AppStore|ARM.ActiveCfg = Release|ARM
		{E2250F61-856E-48A2-8A18-DD86822C536B}.AppStore|ARM.Build.0 = Release|ARM
		{E2250F61-856E-48A2-8A18-DD86822C536B}.AppStore|ARM.Deploy.0 = Release|ARM
		{E2250F61-856E-48A2-8A18-DD86822C536B}.AppStore|iPhone.ActiveCfg = Release|Any CPU
		{E2250F61-856E-48A2-8A18-DD86822C536B}.AppStore|iPhone.Build.0 = Release|Any CPU
		{E2250F61-856E-48A2-8A18-DD86822C536B}.AppStore|iPhone.Deploy.0 = Release|Any CPU
		{E2250F61-856E-48A2-8A18-DD86822C536B}.AppStore|iPhoneSimulator.ActiveCfg = Release|Any CPU
		{E2250F61-856E-48A2-8A18-DD86822C536B}.AppStore|iPhoneSimulator.Build.0 = Release|Any CPU
		{E2250F61-856E-48A2-8A18-DD86822C536B}.AppStore|iPhoneSimulator.Deploy.0 = Release|Any CPU
		{E2250F61-856E-48A2-8A18-DD86822C536B}.AppStore|x86.ActiveCfg = Release|x86
		{E2250F61-856E-48A2-8A18-DD86822C536B}.AppStore|x86.Build.0 = Release|x86
		{E2250F61-856E-48A2-8A18-DD86822C536B}.AppStore|x86.Deploy.0 = Release|x86
		{E2250F61-856E-48A2-8A18-DD86822C536B}.Debug|Any CPU.ActiveCfg = Debug|Any CPU
		{E2250F61-856E-48A2-8A18-DD86822C536B}.Debug|Any CPU.Build.0 = Debug|Any CPU
		{E2250F61-856E-48A2-8A18-DD86822C536B}.Debug|Any CPU.Deploy.0 = Debug|Any CPU
		{E2250F61-856E-48A2-8A18-DD86822C536B}.Debug|ARM.ActiveCfg = Debug|ARM
		{E2250F61-856E-48A2-8A18-DD86822C536B}.Debug|ARM.Build.0 = Debug|ARM
		{E2250F61-856E-48A2-8A18-DD86822C536B}.Debug|ARM.Deploy.0 = Debug|ARM
		{E2250F61-856E-48A2-8A18-DD86822C536B}.Debug|iPhone.ActiveCfg = Debug|Any CPU
		{E2250F61-856E-48A2-8A18-DD86822C536B}.Debug|iPhone.Build.0 = Debug|Any CPU
		{E2250F61-856E-48A2-8A18-DD86822C536B}.Debug|iPhone.Deploy.0 = Debug|Any CPU
		{E2250F61-856E-48A2-8A18-DD86822C536B}.Debug|iPhoneSimulator.ActiveCfg = Debug|Any CPU
		{E2250F61-856E-48A2-8A18-DD86822C536B}.Debug|iPhoneSimulator.Build.0 = Debug|Any CPU
		{E2250F61-856E-48A2-8A18-DD86822C536B}.Debug|iPhoneSimulator.Deploy.0 = Debug|Any CPU
		{E2250F61-856E-48A2-8A18-DD86822C536B}.Debug|x86.ActiveCfg = Debug|x86
		{E2250F61-856E-48A2-8A18-DD86822C536B}.Debug|x86.Build.0 = Debug|x86
		{E2250F61-856E-48A2-8A18-DD86822C536B}.Debug|x86.Deploy.0 = Debug|x86
		{E2250F61-856E-48A2-8A18-DD86822C536B}.Release|Any CPU.ActiveCfg = Release|Any CPU
		{E2250F61-856E-48A2-8A18-DD86822C536B}.Release|Any CPU.Build.0 = Release|Any CPU
		{E2250F61-856E-48A2-8A18-DD86822C536B}.Release|Any CPU.Deploy.0 = Release|Any CPU
		{E2250F61-856E-48A2-8A18-DD86822C536B}.Release|ARM.ActiveCfg = Release|ARM
		{E2250F61-856E-48A2-8A18-DD86822C536B}.Release|ARM.Build.0 = Release|ARM
		{E2250F61-856E-48A2-8A18-DD86822C536B}.Release|ARM.Deploy.0 = Release|ARM
		{E2250F61-856E-48A2-8A18-DD86822C536B}.Release|iPhone.ActiveCfg = Release|Any CPU
		{E2250F61-856E-48A2-8A18-DD86822C536B}.Release|iPhone.Build.0 = Release|Any CPU
		{E2250F61-856E-48A2-8A18-DD86822C536B}.Release|iPhone.Deploy.0 = Release|Any CPU
		{E2250F61-856E-48A2-8A18-DD86822C536B}.Release|iPhoneSimulator.ActiveCfg = Release|Any CPU
		{E2250F61-856E-48A2-8A18-DD86822C536B}.Release|iPhoneSimulator.Build.0 = Release|Any CPU
		{E2250F61-856E-48A2-8A18-DD86822C536B}.Release|iPhoneSimulator.Deploy.0 = Release|Any CPU
		{E2250F61-856E-48A2-8A18-DD86822C536B}.Release|x86.ActiveCfg = Release|x86
		{E2250F61-856E-48A2-8A18-DD86822C536B}.Release|x86.Build.0 = Release|x86
		{E2250F61-856E-48A2-8A18-DD86822C536B}.Release|x86.Deploy.0 = Release|x86
	EndGlobalSection
	GlobalSection(SolutionProperties) = preSolution
		HideSolutionNode = FALSE
	EndGlobalSection
	GlobalSection(NestedProjects) = preSolution
		{A49877DE-58E4-4B96-975F-7B6AC25E9BAC} = {030142F2-DCAE-49EC-9790-02BBAF539430}
		{8CAD649D-0D0C-4127-A43E-DD4147F25B5C} = {A49877DE-58E4-4B96-975F-7B6AC25E9BAC}
		{BB9B2088-50D9-4CE4-88F8-1B7DE0F8C8DD} = {A49877DE-58E4-4B96-975F-7B6AC25E9BAC}
		{823B756A-208C-4142-BAC0-4FCB6B278773} = {A49877DE-58E4-4B96-975F-7B6AC25E9BAC}
		{E2250F61-856E-48A2-8A18-DD86822C536B} = {A49877DE-58E4-4B96-975F-7B6AC25E9BAC}
	EndGlobalSection
EndGlobal
